// !$*UTF8*$!
{
	archiveVersion = 1;
	classes = {
	};
	objectVersion = 55;
	objects = {

/* Begin PBXBuildFile section */
		AB5224C027B82B0100E13BC6 /* AppDelegate.swift in Sources */ = {isa = PBXBuildFile; fileRef = AB5224BF27B82B0100E13BC6 /* AppDelegate.swift */; };
		AB5224C227B82B0100E13BC6 /* SceneDelegate.swift in Sources */ = {isa = PBXBuildFile; fileRef = AB5224C127B82B0100E13BC6 /* SceneDelegate.swift */; };
		AB5224C427B82B0100E13BC6 /* ViewController.swift in Sources */ = {isa = PBXBuildFile; fileRef = AB5224C327B82B0100E13BC6 /* ViewController.swift */; };
		AB5224C727B82B0100E13BC6 /* Main.storyboard in Resources */ = {isa = PBXBuildFile; fileRef = AB5224C527B82B0100E13BC6 /* Main.storyboard */; };
		AB5224C927B82B3000E13BC6 /* Assets.xcassets in Resources */ = {isa = PBXBuildFile; fileRef = AB5224C827B82B3000E13BC6 /* Assets.xcassets */; };
		AB5224CC27B82B3000E13BC6 /* LaunchScreen.storyboard in Resources */ = {isa = PBXBuildFile; fileRef = AB5224CA27B82B3000E13BC6 /* LaunchScreen.storyboard */; };
		AB5224D727B82B3300E13BC6 /* flixterTests.swift in Sources */ = {isa = PBXBuildFile; fileRef = AB5224D627B82B3300E13BC6 /* flixterTests.swift */; };
		AB5224E127B82B3300E13BC6 /* flixterUITests.swift in Sources */ = {isa = PBXBuildFile; fileRef = AB5224E027B82B3300E13BC6 /* flixterUITests.swift */; };
		AB5224E327B82B3300E13BC6 /* flixterUITestsLaunchTests.swift in Sources */ = {isa = PBXBuildFile; fileRef = AB5224E227B82B3300E13BC6 /* flixterUITestsLaunchTests.swift */; };
		AB5224F127B82E5E00E13BC6 /* AlamofireImage in Frameworks */ = {isa = PBXBuildFile; productRef = AB5224F027B82E5E00E13BC6 /* AlamofireImage */; };
		AB96B25527B83B3F0075ED79 /* MovieViewController.swift in Sources */ = {isa = PBXBuildFile; fileRef = AB96B25427B83B3F0075ED79 /* MovieViewController.swift */; };
		ABE70E6D27B85EA8000007CC /* MovieCell.swift in Sources */ = {isa = PBXBuildFile; fileRef = ABE70E6C27B85EA8000007CC /* MovieCell.swift */; };
/* End PBXBuildFile section */

/* Begin PBXContainerItemProxy section */
		AB5224D327B82B3300E13BC6 /* PBXContainerItemProxy */ = {
			isa = PBXContainerItemProxy;
			containerPortal = AB5224B427B82AFE00E13BC6 /* Project object */;
			proxyType = 1;
			remoteGlobalIDString = AB5224BB27B82AFF00E13BC6;
			remoteInfo = flixter;
		};
		AB5224DD27B82B3300E13BC6 /* PBXContainerItemProxy */ = {
			isa = PBXContainerItemProxy;
			containerPortal = AB5224B427B82AFE00E13BC6 /* Project object */;
			proxyType = 1;
			remoteGlobalIDString = AB5224BB27B82AFF00E13BC6;
			remoteInfo = flixter;
		};
/* End PBXContainerItemProxy section */

/* Begin PBXFileReference section */
		AB5224BC27B82B0100E13BC6 /* flixter.app */ = {isa = PBXFileReference; explicitFileType = wrapper.application; includeInIndex = 0; path = flixter.app; sourceTree = BUILT_PRODUCTS_DIR; };
		AB5224BF27B82B0100E13BC6 /* AppDelegate.swift */ = {isa = PBXFileReference; lastKnownFileType = sourcecode.swift; path = AppDelegate.swift; sourceTree = "<group>"; };
		AB5224C127B82B0100E13BC6 /* SceneDelegate.swift */ = {isa = PBXFileReference; lastKnownFileType = sourcecode.swift; path = SceneDelegate.swift; sourceTree = "<group>"; };
		AB5224C327B82B0100E13BC6 /* ViewController.swift */ = {isa = PBXFileReference; lastKnownFileType = sourcecode.swift; path = ViewController.swift; sourceTree = "<group>"; };
		AB5224C627B82B0100E13BC6 /* Base */ = {isa = PBXFileReference; lastKnownFileType = file.storyboard; name = Base; path = Base.lproj/Main.storyboard; sourceTree = "<group>"; };
		AB5224C827B82B3000E13BC6 /* Assets.xcassets */ = {isa = PBXFileReference; lastKnownFileType = folder.assetcatalog; path = Assets.xcassets; sourceTree = "<group>"; };
		AB5224CB27B82B3000E13BC6 /* Base */ = {isa = PBXFileReference; lastKnownFileType = file.storyboard; name = Base; path = Base.lproj/LaunchScreen.storyboard; sourceTree = "<group>"; };
		AB5224CD27B82B3000E13BC6 /* Info.plist */ = {isa = PBXFileReference; lastKnownFileType = text.plist.xml; path = Info.plist; sourceTree = "<group>"; };
		AB5224D227B82B3300E13BC6 /* flixterTests.xctest */ = {isa = PBXFileReference; explicitFileType = wrapper.cfbundle; includeInIndex = 0; path = flixterTests.xctest; sourceTree = BUILT_PRODUCTS_DIR; };
		AB5224D627B82B3300E13BC6 /* flixterTests.swift */ = {isa = PBXFileReference; lastKnownFileType = sourcecode.swift; path = flixterTests.swift; sourceTree = "<group>"; };
		AB5224DC27B82B3300E13BC6 /* flixterUITests.xctest */ = {isa = PBXFileReference; explicitFileType = wrapper.cfbundle; includeInIndex = 0; path = flixterUITests.xctest; sourceTree = BUILT_PRODUCTS_DIR; };
		AB5224E027B82B3300E13BC6 /* flixterUITests.swift */ = {isa = PBXFileReference; lastKnownFileType = sourcecode.swift; path = flixterUITests.swift; sourceTree = "<group>"; };
		AB5224E227B82B3300E13BC6 /* flixterUITestsLaunchTests.swift */ = {isa = PBXFileReference; lastKnownFileType = sourcecode.swift; path = flixterUITestsLaunchTests.swift; sourceTree = "<group>"; };
		AB96B25427B83B3F0075ED79 /* MovieViewController.swift */ = {isa = PBXFileReference; lastKnownFileType = sourcecode.swift; path = MovieViewController.swift; sourceTree = "<group>"; usesTabs = 0; };
		ABE70E6C27B85EA8000007CC /* MovieCell.swift */ = {isa = PBXFileReference; lastKnownFileType = sourcecode.swift; path = MovieCell.swift; sourceTree = "<group>"; };
/* End PBXFileReference section */

/* Begin PBXFrameworksBuildPhase section */
		AB5224B927B82AFF00E13BC6 /* Frameworks */ = {
			isa = PBXFrameworksBuildPhase;
			buildActionMask = 2147483647;
			files = (
				AB5224F127B82E5E00E13BC6 /* AlamofireImage in Frameworks */,
			);
			runOnlyForDeploymentPostprocessing = 0;
		};
		AB5224CF27B82B3300E13BC6 /* Frameworks */ = {
			isa = PBXFrameworksBuildPhase;
			buildActionMask = 2147483647;
			files = (
			);
			runOnlyForDeploymentPostprocessing = 0;
		};
		AB5224D927B82B3300E13BC6 /* Frameworks */ = {
			isa = PBXFrameworksBuildPhase;
			buildActionMask = 2147483647;
			files = (
			);
			runOnlyForDeploymentPostprocessing = 0;
		};
/* End PBXFrameworksBuildPhase section */

/* Begin PBXGroup section */
		AB5224B327B82AFD00E13BC6 = {
			isa = PBXGroup;
			children = (
				AB5224BE27B82B0100E13BC6 /* flixter */,
				AB5224D527B82B3300E13BC6 /* flixterTests */,
				AB5224DF27B82B3300E13BC6 /* flixterUITests */,
				AB5224BD27B82B0100E13BC6 /* Products */,
			);
			sourceTree = "<group>";
		};
		AB5224BD27B82B0100E13BC6 /* Products */ = {
			isa = PBXGroup;
			children = (
				AB5224BC27B82B0100E13BC6 /* flixter.app */,
				AB5224D227B82B3300E13BC6 /* flixterTests.xctest */,
				AB5224DC27B82B3300E13BC6 /* flixterUITests.xctest */,
			);
			name = Products;
			sourceTree = "<group>";
		};
		AB5224BE27B82B0100E13BC6 /* flixter */ = {
			isa = PBXGroup;
			children = (
				AB5224BF27B82B0100E13BC6 /* AppDelegate.swift */,
				AB5224C127B82B0100E13BC6 /* SceneDelegate.swift */,
				AB5224C327B82B0100E13BC6 /* ViewController.swift */,
				AB5224C527B82B0100E13BC6 /* Main.storyboard */,
				ABE70E6C27B85EA8000007CC /* MovieCell.swift */,
				AB5224C827B82B3000E13BC6 /* Assets.xcassets */,
				AB5224CA27B82B3000E13BC6 /* LaunchScreen.storyboard */,
				AB5224CD27B82B3000E13BC6 /* Info.plist */,
				AB96B25427B83B3F0075ED79 /* MovieViewController.swift */,
			);
			path = flixter;
			sourceTree = "<group>";
		};
		AB5224D527B82B3300E13BC6 /* flixterTests */ = {
			isa = PBXGroup;
			children = (
				AB5224D627B82B3300E13BC6 /* flixterTests.swift */,
			);
			path = flixterTests;
			sourceTree = "<group>";
		};
		AB5224DF27B82B3300E13BC6 /* flixterUITests */ = {
			isa = PBXGroup;
			children = (
				AB5224E027B82B3300E13BC6 /* flixterUITests.swift */,
				AB5224E227B82B3300E13BC6 /* flixterUITestsLaunchTests.swift */,
			);
			path = flixterUITests;
			sourceTree = "<group>";
		};
/* End PBXGroup section */

/* Begin PBXNativeTarget section */
		AB5224BB27B82AFF00E13BC6 /* flixter */ = {
			isa = PBXNativeTarget;
			buildConfigurationList = AB5224E627B82B3300E13BC6 /* Build configuration list for PBXNativeTarget "flixter" */;
			buildPhases = (
				AB5224B827B82AFF00E13BC6 /* Sources */,
				AB5224B927B82AFF00E13BC6 /* Frameworks */,
				AB5224BA27B82AFF00E13BC6 /* Resources */,
			);
			buildRules = (
			);
			dependencies = (
			);
			name = flixter;
			packageProductDependencies = (
				AB5224F027B82E5E00E13BC6 /* AlamofireImage */,
			);
			productName = flixter;
			productReference = AB5224BC27B82B0100E13BC6 /* flixter.app */;
			productType = "com.apple.product-type.application";
		};
		AB5224D127B82B3300E13BC6 /* flixterTests */ = {
			isa = PBXNativeTarget;
			buildConfigurationList = AB5224E927B82B3300E13BC6 /* Build configuration list for PBXNativeTarget "flixterTests" */;
			buildPhases = (
				AB5224CE27B82B3300E13BC6 /* Sources */,
				AB5224CF27B82B3300E13BC6 /* Frameworks */,
				AB5224D027B82B3300E13BC6 /* Resources */,
			);
			buildRules = (
			);
			dependencies = (
				AB5224D427B82B3300E13BC6 /* PBXTargetDependency */,
			);
			name = flixterTests;
			productName = flixterTests;
			productReference = AB5224D227B82B3300E13BC6 /* flixterTests.xctest */;
			productType = "com.apple.product-type.bundle.unit-test";
		};
		AB5224DB27B82B3300E13BC6 /* flixterUITests */ = {
			isa = PBXNativeTarget;
			buildConfigurationList = AB5224EC27B82B3300E13BC6 /* Build configuration list for PBXNativeTarget "flixterUITests" */;
			buildPhases = (
				AB5224D827B82B3300E13BC6 /* Sources */,
				AB5224D927B82B3300E13BC6 /* Frameworks */,
				AB5224DA27B82B3300E13BC6 /* Resources */,
			);
			buildRules = (
			);
			dependencies = (
				AB5224DE27B82B3300E13BC6 /* PBXTargetDependency */,
			);
			name = flixterUITests;
			productName = flixterUITests;
			productReference = AB5224DC27B82B3300E13BC6 /* flixterUITests.xctest */;
			productType = "com.apple.product-type.bundle.ui-testing";
		};
/* End PBXNativeTarget section */

/* Begin PBXProject section */
		AB5224B427B82AFE00E13BC6 /* Project object */ = {
			isa = PBXProject;
			attributes = {
				BuildIndependentTargetsInParallel = 1;
				LastSwiftUpdateCheck = 1320;
				LastUpgradeCheck = 1320;
				TargetAttributes = {
					AB5224BB27B82AFF00E13BC6 = {
						CreatedOnToolsVersion = 13.2.1;
					};
					AB5224D127B82B3300E13BC6 = {
						CreatedOnToolsVersion = 13.2.1;
						TestTargetID = AB5224BB27B82AFF00E13BC6;
					};
					AB5224DB27B82B3300E13BC6 = {
						CreatedOnToolsVersion = 13.2.1;
						TestTargetID = AB5224BB27B82AFF00E13BC6;
					};
				};
			};
			buildConfigurationList = AB5224B727B82AFE00E13BC6 /* Build configuration list for PBXProject "flixter" */;
			compatibilityVersion = "Xcode 13.0";
			developmentRegion = en;
			hasScannedForEncodings = 0;
			knownRegions = (
				en,
				Base,
			);
			mainGroup = AB5224B327B82AFD00E13BC6;
			packageReferences = (
				AB5224EF27B82E5E00E13BC6 /* XCRemoteSwiftPackageReference "AlamofireImage" */,
			);
			productRefGroup = AB5224BD27B82B0100E13BC6 /* Products */;
			projectDirPath = "";
			projectRoot = "";
			targets = (
				AB5224BB27B82AFF00E13BC6 /* flixter */,
				AB5224D127B82B3300E13BC6 /* flixterTests */,
				AB5224DB27B82B3300E13BC6 /* flixterUITests */,
			);
		};
/* End PBXProject section */

/* Begin PBXResourcesBuildPhase section */
		AB5224BA27B82AFF00E13BC6 /* Resources */ = {
			isa = PBXResourcesBuildPhase;
			buildActionMask = 2147483647;
			files = (
				AB5224CC27B82B3000E13BC6 /* LaunchScreen.storyboard in Resources */,
				AB5224C927B82B3000E13BC6 /* Assets.xcassets in Resources */,
				AB5224C727B82B0100E13BC6 /* Main.storyboard in Resources */,
			);
			runOnlyForDeploymentPostprocessing = 0;
		};
		AB5224D027B82B3300E13BC6 /* Resources */ = {
			isa = PBXResourcesBuildPhase;
			buildActionMask = 2147483647;
			files = (
			);
			runOnlyForDeploymentPostprocessing = 0;
		};
		AB5224DA27B82B3300E13BC6 /* Resources */ = {
			isa = PBXResourcesBuildPhase;
			buildActionMask = 2147483647;
			files = (
			);
			runOnlyForDeploymentPostprocessing = 0;
		};
/* End PBXResourcesBuildPhase section */

/* Begin PBXSourcesBuildPhase section */
		AB5224B827B82AFF00E13BC6 /* Sources */ = {
			isa = PBXSourcesBuildPhase;
			buildActionMask = 2147483647;
			files = (
				AB5224C427B82B0100E13BC6 /* ViewController.swift in Sources */,
				AB5224C027B82B0100E13BC6 /* AppDelegate.swift in Sources */,
				AB5224C227B82B0100E13BC6 /* SceneDelegate.swift in Sources */,
				ABE70E6D27B85EA8000007CC /* MovieCell.swift in Sources */,
				AB96B25527B83B3F0075ED79 /* MovieViewController.swift in Sources */,
			);
			runOnlyForDeploymentPostprocessing = 0;
		};
		AB5224CE27B82B3300E13BC6 /* Sources */ = {
			isa = PBXSourcesBuildPhase;
			buildActionMask = 2147483647;
			files = (
				AB5224D727B82B3300E13BC6 /* flixterTests.swift in Sources */,
			);
			runOnlyForDeploymentPostprocessing = 0;
		};
		AB5224D827B82B3300E13BC6 /* Sources */ = {
			isa = PBXSourcesBuildPhase;
			buildActionMask = 2147483647;
			files = (
				AB5224E127B82B3300E13BC6 /* flixterUITests.swift in Sources */,
				AB5224E327B82B3300E13BC6 /* flixterUITestsLaunchTests.swift in Sources */,
			);
			runOnlyForDeploymentPostprocessing = 0;
		};
/* End PBXSourcesBuildPhase section */

/* Begin PBXTargetDependency section */
		AB5224D427B82B3300E13BC6 /* PBXTargetDependency */ = {
			isa = PBXTargetDependency;
			target = AB5224BB27B82AFF00E13BC6 /* flixter */;
			targetProxy = AB5224D327B82B3300E13BC6 /* PBXContainerItemProxy */;
		};
		AB5224DE27B82B3300E13BC6 /* PBXTargetDependency */ = {
			isa = PBXTargetDependency;
			target = AB5224BB27B82AFF00E13BC6 /* flixter */;
			targetProxy = AB5224DD27B82B3300E13BC6 /* PBXContainerItemProxy */;
		};
/* End PBXTargetDependency section */

/* Begin PBXVariantGroup section */
		AB5224C527B82B0100E13BC6 /* Main.storyboard */ = {
			isa = PBXVariantGroup;
			children = (
				AB5224C627B82B0100E13BC6 /* Base */,
			);
			name = Main.storyboard;
			sourceTree = "<group>";
		};
		AB5224CA27B82B3000E13BC6 /* LaunchScreen.storyboard */ = {
			isa = PBXVariantGroup;
			children = (
				AB5224CB27B82B3000E13BC6 /* Base */,
			);
			name = LaunchScreen.storyboard;
			sourceTree = "<group>";
		};
/* End PBXVariantGroup section */

/* Begin XCBuildConfiguration section */
		AB5224E427B82B3300E13BC6 /* Debug */ = {
			isa = XCBuildConfiguration;
			buildSettings = {
				ALWAYS_SEARCH_USER_PATHS = NO;
				CLANG_ANALYZER_NONNULL = YES;
				CLANG_ANALYZER_NUMBER_OBJECT_CONVERSION = YES_AGGRESSIVE;
				CLANG_CXX_LANGUAGE_STANDARD = "gnu++17";
				CLANG_CXX_LIBRARY = "libc++";
				CLANG_ENABLE_MODULES = YES;
				CLANG_ENABLE_OBJC_ARC = YES;
				CLANG_ENABLE_OBJC_WEAK = YES;
				CLANG_WARN_BLOCK_CAPTURE_AUTORELEASING = YES;
				CLANG_WARN_BOOL_CONVERSION = YES;
				CLANG_WARN_COMMA = YES;
				CLANG_WARN_CONSTANT_CONVERSION = YES;
				CLANG_WARN_DEPRECATED_OBJC_IMPLEMENTATIONS = YES;
				CLANG_WARN_DIRECT_OBJC_ISA_USAGE = YES_ERROR;
				CLANG_WARN_DOCUMENTATION_COMMENTS = YES;
				CLANG_WARN_EMPTY_BODY = YES;
				CLANG_WARN_ENUM_CONVERSION = YES;
				CLANG_WARN_INFINITE_RECURSION = YES;
				CLANG_WARN_INT_CONVERSION = YES;
				CLANG_WARN_NON_LITERAL_NULL_CONVERSION = YES;
				CLANG_WARN_OBJC_IMPLICIT_RETAIN_SELF = YES;
				CLANG_WARN_OBJC_LITERAL_CONVERSION = YES;
				CLANG_WARN_OBJC_ROOT_CLASS = YES_ERROR;
				CLANG_WARN_QUOTED_INCLUDE_IN_FRAMEWORK_HEADER = YES;
				CLANG_WARN_RANGE_LOOP_ANALYSIS = YES;
				CLANG_WARN_STRICT_PROTOTYPES = YES;
				CLANG_WARN_SUSPICIOUS_MOVE = YES;
				CLANG_WARN_UNGUARDED_AVAILABILITY = YES_AGGRESSIVE;
				CLANG_WARN_UNREACHABLE_CODE = YES;
				CLANG_WARN__DUPLICATE_METHOD_MATCH = YES;
				COPY_PHASE_STRIP = NO;
				DEBUG_INFORMATION_FORMAT = dwarf;
				ENABLE_STRICT_OBJC_MSGSEND = YES;
				ENABLE_TESTABILITY = YES;
				GCC_C_LANGUAGE_STANDARD = gnu11;
				GCC_DYNAMIC_NO_PIC = NO;
				GCC_NO_COMMON_BLOCKS = YES;
				GCC_OPTIMIZATION_LEVEL = 0;
				GCC_PREPROCESSOR_DEFINITIONS = (
					"DEBUG=1",
					"$(inherited)",
				);
				GCC_WARN_64_TO_32_BIT_CONVERSION = YES;
				GCC_WARN_ABOUT_RETURN_TYPE = YES_ERROR;
				GCC_WARN_UNDECLARED_SELECTOR = YES;
				GCC_WARN_UNINITIALIZED_AUTOS = YES_AGGRESSIVE;
				GCC_WARN_UNUSED_FUNCTION = YES;
				GCC_WARN_UNUSED_VARIABLE = YES;
				IPHONEOS_DEPLOYMENT_TARGET = 15.2;
				MTL_ENABLE_DEBUG_INFO = INCLUDE_SOURCE;
				MTL_FAST_MATH = YES;
				ONLY_ACTIVE_ARCH = YES;
				SDKROOT = iphoneos;
				SWIFT_ACTIVE_COMPILATION_CONDITIONS = DEBUG;
				SWIFT_OPTIMIZATION_LEVEL = "-Onone";
			};
			name = Debug;
		};
		AB5224E527B82B3300E13BC6 /* Release */ = {
			isa = XCBuildConfiguration;
			buildSettings = {
				ALWAYS_SEARCH_USER_PATHS = NO;
				CLANG_ANALYZER_NONNULL = YES;
				CLANG_ANALYZER_NUMBER_OBJECT_CONVERSION = YES_AGGRESSIVE;
				CLANG_CXX_LANGUAGE_STANDARD = "gnu++17";
				CLANG_CXX_LIBRARY = "libc++";
				CLANG_ENABLE_MODULES = YES;
				CLANG_ENABLE_OBJC_ARC = YES;
				CLANG_ENABLE_OBJC_WEAK = YES;
				CLANG_WARN_BLOCK_CAPTURE_AUTORELEASING = YES;
				CLANG_WARN_BOOL_CONVERSION = YES;
				CLANG_WARN_COMMA = YES;
				CLANG_WARN_CONSTANT_CONVERSION = YES;
				CLANG_WARN_DEPRECATED_OBJC_IMPLEMENTATIONS = YES;
				CLANG_WARN_DIRECT_OBJC_ISA_USAGE = YES_ERROR;
				CLANG_WARN_DOCUMENTATION_COMMENTS = YES;
				CLANG_WARN_EMPTY_BODY = YES;
				CLANG_WARN_ENUM_CONVERSION = YES;
				CLANG_WARN_INFINITE_RECURSION = YES;
				CLANG_WARN_INT_CONVERSION = YES;
				CLANG_WARN_NON_LITERAL_NULL_CONVERSION = YES;
				CLANG_WARN_OBJC_IMPLICIT_RETAIN_SELF = YES;
				CLANG_WARN_OBJC_LITERAL_CONVERSION = YES;
				CLANG_WARN_OBJC_ROOT_CLASS = YES_ERROR;
				CLANG_WARN_QUOTED_INCLUDE_IN_FRAMEWORK_HEADER = YES;
				CLANG_WARN_RANGE_LOOP_ANALYSIS = YES;
				CLANG_WARN_STRICT_PROTOTYPES = YES;
				CLANG_WARN_SUSPICIOUS_MOVE = YES;
				CLANG_WARN_UNGUARDED_AVAILABILITY = YES_AGGRESSIVE;
				CLANG_WARN_UNREACHABLE_CODE = YES;
				CLANG_WARN__DUPLICATE_METHOD_MATCH = YES;
				COPY_PHASE_STRIP = NO;
				DEBUG_INFORMATION_FORMAT = "dwarf-with-dsym";
				ENABLE_NS_ASSERTIONS = NO;
				ENABLE_STRICT_OBJC_MSGSEND = YES;
				GCC_C_LANGUAGE_STANDARD = gnu11;
				GCC_NO_COMMON_BLOCKS = YES;
				GCC_WARN_64_TO_32_BIT_CONVERSION = YES;
				GCC_WARN_ABOUT_RETURN_TYPE = YES_ERROR;
				GCC_WARN_UNDECLARED_SELECTOR = YES;
				GCC_WARN_UNINITIALIZED_AUTOS = YES_AGGRESSIVE;
				GCC_WARN_UNUSED_FUNCTION = YES;
				GCC_WARN_UNUSED_VARIABLE = YES;
				IPHONEOS_DEPLOYMENT_TARGET = 15.2;
				MTL_ENABLE_DEBUG_INFO = NO;
				MTL_FAST_MATH = YES;
				SDKROOT = iphoneos;
				SWIFT_COMPILATION_MODE = wholemodule;
				SWIFT_OPTIMIZATION_LEVEL = "-O";
				VALIDATE_PRODUCT = YES;
			};
			name = Release;
		};
		AB5224E727B82B3300E13BC6 /* Debug */ = {
			isa = XCBuildConfiguration;
			buildSettings = {
				ASSETCATALOG_COMPILER_APPICON_NAME = AppIcon;
				ASSETCATALOG_COMPILER_GLOBAL_ACCENT_COLOR_NAME = AccentColor;
				CODE_SIGN_STYLE = Automatic;
				CURRENT_PROJECT_VERSION = 1;
				DEVELOPMENT_TEAM = 8TD6FLDMC6;
				GENERATE_INFOPLIST_FILE = YES;
				INFOPLIST_FILE = flixter/Info.plist;
				INFOPLIST_KEY_CFBundleDisplayName = flixter;
				INFOPLIST_KEY_UIApplicationSupportsIndirectInputEvents = YES;
				INFOPLIST_KEY_UILaunchStoryboardName = LaunchScreen;
				INFOPLIST_KEY_UIMainStoryboardFile = Main;
				INFOPLIST_KEY_UISupportedInterfaceOrientations = "UIInterfaceOrientationPortrait UIInterfaceOrientationLandscapeLeft UIInterfaceOrientationLandscapeRight";
				INFOPLIST_KEY_UISupportedInterfaceOrientations_iPad = "UIInterfaceOrientationPortrait UIInterfaceOrientationPortraitUpsideDown UIInterfaceOrientationLandscapeLeft UIInterfaceOrientationLandscapeRight";
				INFOPLIST_KEY_UISupportedInterfaceOrientations_iPhone = "UIInterfaceOrientationPortrait UIInterfaceOrientationLandscapeLeft UIInterfaceOrientationLandscapeRight";
				LD_RUNPATH_SEARCH_PATHS = (
					"$(inherited)",
					"@executable_path/Frameworks",
				);
				MARKETING_VERSION = 1.0;
				PRODUCT_BUNDLE_IDENTIFIER = memo.com.flixter;
				PRODUCT_NAME = "$(TARGET_NAME)";
				SWIFT_EMIT_LOC_STRINGS = YES;
				SWIFT_VERSION = 5.0;
				TARGETED_DEVICE_FAMILY = "1,2";
			};
			name = Debug;
		};
		AB5224E827B82B3300E13BC6 /* Release */ = {
			isa = XCBuildConfiguration;
			buildSettings = {
				ASSETCATALOG_COMPILER_APPICON_NAME = AppIcon;
				ASSETCATALOG_COMPILER_GLOBAL_ACCENT_COLOR_NAME = AccentColor;
				CODE_SIGN_STYLE = Automatic;
				CURRENT_PROJECT_VERSION = 1;
				DEVELOPMENT_TEAM = 8TD6FLDMC6;
				GENERATE_INFOPLIST_FILE = YES;
				INFOPLIST_FILE = flixter/Info.plist;
				INFOPLIST_KEY_CFBundleDisplayName = flixter;
				INFOPLIST_KEY_UIApplicationSupportsIndirectInputEvents = YES;
				INFOPLIST_KEY_UILaunchStoryboardName = LaunchScreen;
				INFOPLIST_KEY_UIMainStoryboardFile = Main;
				INFOPLIST_KEY_UISupportedInterfaceOrientations = "UIInterfaceOrientationPortrait UIInterfaceOrientationLandscapeLeft UIInterfaceOrientationLandscapeRight";
				INFOPLIST_KEY_UISupportedInterfaceOrientations_iPad = "UIInterfaceOrientationPortrait UIInterfaceOrientationPortraitUpsideDown UIInterfaceOrientationLandscapeLeft UIInterfaceOrientationLandscapeRight";
				INFOPLIST_KEY_UISupportedInterfaceOrientations_iPhone = "UIInterfaceOrientationPortrait UIInterfaceOrientationLandscapeLeft UIInterfaceOrientationLandscapeRight";
				LD_RUNPATH_SEARCH_PATHS = (
					"$(inherited)",
					"@executable_path/Frameworks",
				);
				MARKETING_VERSION = 1.0;
				PRODUCT_BUNDLE_IDENTIFIER = memo.com.flixter;
				PRODUCT_NAME = "$(TARGET_NAME)";
				SWIFT_EMIT_LOC_STRINGS = YES;
				SWIFT_VERSION = 5.0;
				TARGETED_DEVICE_FAMILY = "1,2";
			};
			name = Release;
		};
		AB5224EA27B82B3300E13BC6 /* Debug */ = {
			isa = XCBuildConfiguration;
			buildSettings = {
				ALWAYS_EMBED_SWIFT_STANDARD_LIBRARIES = YES;
				BUNDLE_LOADER = "$(TEST_HOST)";
				CODE_SIGN_STYLE = Automatic;
				CURRENT_PROJECT_VERSION = 1;
				DEVELOPMENT_TEAM = 8TD6FLDMC6;
				GENERATE_INFOPLIST_FILE = YES;
				IPHONEOS_DEPLOYMENT_TARGET = 15.2;
				MARKETING_VERSION = 1.0;
				PRODUCT_BUNDLE_IDENTIFIER = memo.com.flixterTests;
				PRODUCT_NAME = "$(TARGET_NAME)";
				SWIFT_EMIT_LOC_STRINGS = NO;
				SWIFT_VERSION = 5.0;
				TARGETED_DEVICE_FAMILY = "1,2";
				TEST_HOST = "$(BUILT_PRODUCTS_DIR)/flixter.app/flixter";
			};
			name = Debug;
		};
		AB5224EB27B82B3300E13BC6 /* Release */ = {
			isa = XCBuildConfiguration;
			buildSettings = {
				ALWAYS_EMBED_SWIFT_STANDARD_LIBRARIES = YES;
				BUNDLE_LOADER = "$(TEST_HOST)";
				CODE_SIGN_STYLE = Automatic;
				CURRENT_PROJECT_VERSION = 1;
				DEVELOPMENT_TEAM = 8TD6FLDMC6;
				GENERATE_INFOPLIST_FILE = YES;
				IPHONEOS_DEPLOYMENT_TARGET = 15.2;
				MARKETING_VERSION = 1.0;
				PRODUCT_BUNDLE_IDENTIFIER = memo.com.flixterTests;
				PRODUCT_NAME = "$(TARGET_NAME)";
				SWIFT_EMIT_LOC_STRINGS = NO;
				SWIFT_VERSION = 5.0;
				TARGETED_DEVICE_FAMILY = "1,2";
				TEST_HOST = "$(BUILT_PRODUCTS_DIR)/flixter.app/flixter";
			};
			name = Release;
		};
		AB5224ED27B82B3300E13BC6 /* Debug */ = {
			isa = XCBuildConfiguration;
			buildSettings = {
				ALWAYS_EMBED_SWIFT_STANDARD_LIBRARIES = YES;
				CODE_SIGN_STYLE = Automatic;
				CURRENT_PROJECT_VERSION = 1;
				DEVELOPMENT_TEAM = 8TD6FLDMC6;
				GENERATE_INFOPLIST_FILE = YES;
				MARKETING_VERSION = 1.0;
				PRODUCT_BUNDLE_IDENTIFIER = memo.com.flixterUITests;
				PRODUCT_NAME = "$(TARGET_NAME)";
				SWIFT_EMIT_LOC_STRINGS = NO;
				SWIFT_VERSION = 5.0;
				TARGETED_DEVICE_FAMILY = "1,2";
				TEST_TARGET_NAME = flixter;
			};
			name = Debug;
		};
		AB5224EE27B82B3300E13BC6 /* Release */ = {
			isa = XCBuildConfiguration;
			buildSettings = {
				ALWAYS_EMBED_SWIFT_STANDARD_LIBRARIES = YES;
				CODE_SIGN_STYLE = Automatic;
				CURRENT_PROJECT_VERSION = 1;
				DEVELOPMENT_TEAM = 8TD6FLDMC6;
				GENERATE_INFOPLIST_FILE = YES;
				MARKETING_VERSION = 1.0;
				PRODUCT_BUNDLE_IDENTIFIER = memo.com.flixterUITests;
				PRODUCT_NAME = "$(TARGET_NAME)";
				SWIFT_EMIT_LOC_STRINGS = NO;
				SWIFT_VERSION = 5.0;
				TARGETED_DEVICE_FAMILY = "1,2";
				TEST_TARGET_NAME = flixter;
			};
			name = Release;
		};
/* End XCBuildConfiguration section */

/* Begin XCConfigurationList section */
		AB5224B727B82AFE00E13BC6 /* Build configuration list for PBXProject "flixter" */ = {
			isa = XCConfigurationList;
			buildConfigurations = (
				AB5224E427B82B3300E13BC6 /* Debug */,
				AB5224E527B82B3300E13BC6 /* Release */,
			);
			defaultConfigurationIsVisible = 0;
			defaultConfigurationName = Release;
		};
		AB5224E627B82B3300E13BC6 /* Build configuration list for PBXNativeTarget "flixter" */ = {
			isa = XCConfigurationList;
			buildConfigurations = (
				AB5224E727B82B3300E13BC6 /* Debug */,
				AB5224E827B82B3300E13BC6 /* Release */,
			);
			defaultConfigurationIsVisible = 0;
			defaultConfigurationName = Release;
		};
		AB5224E927B82B3300E13BC6 /* Build configuration list for PBXNativeTarget "flixterTests" */ = {
			isa = XCConfigurationList;
			buildConfigurations = (
				AB5224EA27B82B3300E13BC6 /* Debug */,
				AB5224EB27B82B3300E13BC6 /* Release */,
			);
			defaultConfigurationIsVisible = 0;
			defaultConfigurationName = Release;
		};
		AB5224EC27B82B3300E13BC6 /* Build configuration list for PBXNativeTarget "flixterUITests" */ = {
			isa = XCConfigurationList;
			buildConfigurations = (
				AB5224ED27B82B3300E13BC6 /* Debug */,
				AB5224EE27B82B3300E13BC6 /* Release */,
			);
			defaultConfigurationIsVisible = 0;
			defaultConfigurationName = Release;
		};
/* End XCConfigurationList section */

/* Begin XCRemoteSwiftPackageReference section */
		AB5224EF27B82E5E00E13BC6 /* XCRemoteSwiftPackageReference "AlamofireImage" */ = {
			isa = XCRemoteSwiftPackageReference;
			repositoryURL = "https://github.com/Alamofire/AlamofireImage";
			requirement = {
				kind = upToNextMajorVersion;
				minimumVersion = 4.0.0;
			};
		};
/* End XCRemoteSwiftPackageReference section */

/* Begin XCSwiftPackageProductDependency section */
		AB5224F027B82E5E00E13BC6 /* AlamofireImage */ = {
			isa = XCSwiftPackageProductDependency;
			package = AB5224EF27B82E5E00E13BC6 /* XCRemoteSwiftPackageReference "AlamofireImage" */;
			productName = AlamofireImage;
		};
/* End XCSwiftPackageProductDependency section */
	};
	rootObject = AB5224B427B82AFE00E13BC6 /* Project object */;
}
